// !$*UTF8*$!
{
	archiveVersion = 1;
	classes = {
	};
	objectVersion = 56;
	objects = {

/* Begin PBXBuildFile section */
		C172D7C82AF470A300F09F26 /* ExpenseTrackerApp.swift in Sources */ = {isa = PBXBuildFile; fileRef = C172D7C72AF470A300F09F26 /* ExpenseTrackerApp.swift */; };
		C172D7CA2AF470A300F09F26 /* ContentView.swift in Sources */ = {isa = PBXBuildFile; fileRef = C172D7C92AF470A300F09F26 /* ContentView.swift */; };
		C172D7CE2AF470A400F09F26 /* Assets.xcassets in Resources */ = {isa = PBXBuildFile; fileRef = C172D7CD2AF470A400F09F26 /* Assets.xcassets */; };
		C172D7D12AF470A400F09F26 /* Preview Assets.xcassets in Resources */ = {isa = PBXBuildFile; fileRef = C172D7D02AF470A400F09F26 /* Preview Assets.xcassets */; };
		C172D7D92AF4748900F09F26 /* Transaction.swift in Sources */ = {isa = PBXBuildFile; fileRef = C172D7D82AF4748900F09F26 /* Transaction.swift */; };
		C172D7DB2AF4750100F09F26 /* Category.swift in Sources */ = {isa = PBXBuildFile; fileRef = C172D7DA2AF4750100F09F26 /* Category.swift */; };
		C1EC0C742AF49C1E009D7F59 /* SubmitView.swift in Sources */ = {isa = PBXBuildFile; fileRef = C1EC0C732AF49C1E009D7F59 /* SubmitView.swift */; };
		C1EC0C792AF87923009D7F59 /* TransactionView.swift in Sources */ = {isa = PBXBuildFile; fileRef = C1EC0C782AF87923009D7F59 /* TransactionView.swift */; };
		C1EC0C7B2AF896AA009D7F59 /* CategoryView.swift in Sources */ = {isa = PBXBuildFile; fileRef = C1EC0C7A2AF896AA009D7F59 /* CategoryView.swift */; };
		C1EC0C7D2AF896C7009D7F59 /* AddCategoryView.swift in Sources */ = {isa = PBXBuildFile; fileRef = C1EC0C7C2AF896C7009D7F59 /* AddCategoryView.swift */; };
		C1EC0C7F2AF9F5FF009D7F59 /* Currency.swift in Sources */ = {isa = PBXBuildFile; fileRef = C1EC0C7E2AF9F5FF009D7F59 /* Currency.swift */; };
		C1EC0C812AF9F75D009D7F59 /* SettingsView.swift in Sources */ = {isa = PBXBuildFile; fileRef = C1EC0C802AF9F75D009D7F59 /* SettingsView.swift */; };
		C1EC0C832AF9FB81009D7F59 /* CurrencySetting.swift in Sources */ = {isa = PBXBuildFile; fileRef = C1EC0C822AF9FB81009D7F59 /* CurrencySetting.swift */; };
		C1EC0C852AFA0024009D7F59 /* AddCurrencyView.swift in Sources */ = {isa = PBXBuildFile; fileRef = C1EC0C842AFA0024009D7F59 /* AddCurrencyView.swift */; };
		C1EC0C872B01D282009D7F59 /* CategoryDetailView.swift in Sources */ = {isa = PBXBuildFile; fileRef = C1EC0C862B01D282009D7F59 /* CategoryDetailView.swift */; };
		C1EC0C892B01F574009D7F59 /* TransactionDetailView.swift in Sources */ = {isa = PBXBuildFile; fileRef = C1EC0C882B01F574009D7F59 /* TransactionDetailView.swift */; };
/* End PBXBuildFile section */

/* Begin PBXFileReference section */
		C172D7C42AF470A300F09F26 /* ExpenseTracker.app */ = {isa = PBXFileReference; explicitFileType = wrapper.application; includeInIndex = 0; path = ExpenseTracker.app; sourceTree = BUILT_PRODUCTS_DIR; };
		C172D7C72AF470A300F09F26 /* ExpenseTrackerApp.swift */ = {isa = PBXFileReference; lastKnownFileType = sourcecode.swift; path = ExpenseTrackerApp.swift; sourceTree = "<group>"; };
		C172D7C92AF470A300F09F26 /* ContentView.swift */ = {isa = PBXFileReference; lastKnownFileType = sourcecode.swift; path = ContentView.swift; sourceTree = "<group>"; };
		C172D7CD2AF470A400F09F26 /* Assets.xcassets */ = {isa = PBXFileReference; lastKnownFileType = folder.assetcatalog; path = Assets.xcassets; sourceTree = "<group>"; };
		C172D7D02AF470A400F09F26 /* Preview Assets.xcassets */ = {isa = PBXFileReference; lastKnownFileType = folder.assetcatalog; path = "Preview Assets.xcassets"; sourceTree = "<group>"; };
		C172D7D82AF4748900F09F26 /* Transaction.swift */ = {isa = PBXFileReference; lastKnownFileType = sourcecode.swift; path = Transaction.swift; sourceTree = "<group>"; };
		C172D7DA2AF4750100F09F26 /* Category.swift */ = {isa = PBXFileReference; lastKnownFileType = sourcecode.swift; path = Category.swift; sourceTree = "<group>"; };
		C1EC0C732AF49C1E009D7F59 /* SubmitView.swift */ = {isa = PBXFileReference; lastKnownFileType = sourcecode.swift; path = SubmitView.swift; sourceTree = "<group>"; };
		C1EC0C782AF87923009D7F59 /* TransactionView.swift */ = {isa = PBXFileReference; lastKnownFileType = sourcecode.swift; path = TransactionView.swift; sourceTree = "<group>"; };
		C1EC0C7A2AF896AA009D7F59 /* CategoryView.swift */ = {isa = PBXFileReference; fileEncoding = 4; lastKnownFileType = sourcecode.swift; path = CategoryView.swift; sourceTree = "<group>"; };
		C1EC0C7C2AF896C7009D7F59 /* AddCategoryView.swift */ = {isa = PBXFileReference; lastKnownFileType = sourcecode.swift; path = AddCategoryView.swift; sourceTree = "<group>"; };
		C1EC0C7E2AF9F5FF009D7F59 /* Currency.swift */ = {isa = PBXFileReference; lastKnownFileType = sourcecode.swift; path = Currency.swift; sourceTree = "<group>"; };
		C1EC0C802AF9F75D009D7F59 /* SettingsView.swift */ = {isa = PBXFileReference; lastKnownFileType = sourcecode.swift; path = SettingsView.swift; sourceTree = "<group>"; };
		C1EC0C822AF9FB81009D7F59 /* CurrencySetting.swift */ = {isa = PBXFileReference; lastKnownFileType = sourcecode.swift; path = CurrencySetting.swift; sourceTree = "<group>"; };
		C1EC0C842AFA0024009D7F59 /* AddCurrencyView.swift */ = {isa = PBXFileReference; lastKnownFileType = sourcecode.swift; path = AddCurrencyView.swift; sourceTree = "<group>"; };
		C1EC0C862B01D282009D7F59 /* CategoryDetailView.swift */ = {isa = PBXFileReference; lastKnownFileType = sourcecode.swift; path = CategoryDetailView.swift; sourceTree = "<group>"; };
		C1EC0C882B01F574009D7F59 /* TransactionDetailView.swift */ = {isa = PBXFileReference; lastKnownFileType = sourcecode.swift; path = TransactionDetailView.swift; sourceTree = "<group>"; };
/* End PBXFileReference section */

/* Begin PBXFrameworksBuildPhase section */
		C172D7C12AF470A300F09F26 /* Frameworks */ = {
			isa = PBXFrameworksBuildPhase;
			buildActionMask = 2147483647;
			files = (
			);
			runOnlyForDeploymentPostprocessing = 0;
		};
/* End PBXFrameworksBuildPhase section */

/* Begin PBXGroup section */
		C172D7BB2AF470A300F09F26 = {
			isa = PBXGroup;
			children = (
				C172D7C62AF470A300F09F26 /* ExpenseTracker */,
				C172D7C52AF470A300F09F26 /* Products */,
			);
			sourceTree = "<group>";
		};
		C172D7C52AF470A300F09F26 /* Products */ = {
			isa = PBXGroup;
			children = (
				C172D7C42AF470A300F09F26 /* ExpenseTracker.app */,
			);
			name = Products;
			sourceTree = "<group>";
		};
		C172D7C62AF470A300F09F26 /* ExpenseTracker */ = {
			isa = PBXGroup;
			children = (
				C1EC0C752AF49D16009D7F59 /* View */,
				C172D7DC2AF48A0A00F09F26 /* ViewModel */,
				C172D7D72AF4711500F09F26 /* Model */,
				C172D7C72AF470A300F09F26 /* ExpenseTrackerApp.swift */,
				C172D7CD2AF470A400F09F26 /* Assets.xcassets */,
				C172D7CF2AF470A400F09F26 /* Preview Content */,
			);
			path = ExpenseTracker;
			sourceTree = "<group>";
		};
		C172D7CF2AF470A400F09F26 /* Preview Content */ = {
			isa = PBXGroup;
			children = (
				C172D7D02AF470A400F09F26 /* Preview Assets.xcassets */,
			);
			path = "Preview Content";
			sourceTree = "<group>";
		};
		C172D7D72AF4711500F09F26 /* Model */ = {
			isa = PBXGroup;
			children = (
				C172D7D82AF4748900F09F26 /* Transaction.swift */,
				C172D7DA2AF4750100F09F26 /* Category.swift */,
				C1EC0C7E2AF9F5FF009D7F59 /* Currency.swift */,
			);
			path = Model;
			sourceTree = "<group>";
		};
		C172D7DC2AF48A0A00F09F26 /* ViewModel */ = {
			isa = PBXGroup;
			children = (
			);
			path = ViewModel;
			sourceTree = "<group>";
		};
		C1EC0C752AF49D16009D7F59 /* View */ = {
			isa = PBXGroup;
			children = (
				C1EC0C7A2AF896AA009D7F59 /* CategoryView.swift */,
				C172D7C92AF470A300F09F26 /* ContentView.swift */,
				C1EC0C732AF49C1E009D7F59 /* SubmitView.swift */,
				C1EC0C782AF87923009D7F59 /* TransactionView.swift */,
				C1EC0C7C2AF896C7009D7F59 /* AddCategoryView.swift */,
				C1EC0C802AF9F75D009D7F59 /* SettingsView.swift */,
				C1EC0C822AF9FB81009D7F59 /* CurrencySetting.swift */,
				C1EC0C842AFA0024009D7F59 /* AddCurrencyView.swift */,
				C1EC0C862B01D282009D7F59 /* CategoryDetailView.swift */,
				C1EC0C882B01F574009D7F59 /* TransactionDetailView.swift */,
			);
			path = View;
			sourceTree = "<group>";
		};
/* End PBXGroup section */

/* Begin PBXNativeTarget section */
		C172D7C32AF470A300F09F26 /* ExpenseTracker */ = {
			isa = PBXNativeTarget;
			buildConfigurationList = C172D7D42AF470A400F09F26 /* Build configuration list for PBXNativeTarget "ExpenseTracker" */;
			buildPhases = (
				C172D7C02AF470A300F09F26 /* Sources */,
				C172D7C12AF470A300F09F26 /* Frameworks */,
				C172D7C22AF470A300F09F26 /* Resources */,
			);
			buildRules = (
			);
			dependencies = (
			);
			name = ExpenseTracker;
			productName = ExpenseTracker;
			productReference = C172D7C42AF470A300F09F26 /* ExpenseTracker.app */;
			productType = "com.apple.product-type.application";
		};
/* End PBXNativeTarget section */

/* Begin PBXProject section */
		C172D7BC2AF470A300F09F26 /* Project object */ = {
			isa = PBXProject;
			attributes = {
				BuildIndependentTargetsInParallel = 1;
				LastSwiftUpdateCheck = 1500;
				LastUpgradeCheck = 1500;
				TargetAttributes = {
					C172D7C32AF470A300F09F26 = {
						CreatedOnToolsVersion = 15.0.1;
					};
				};
			};
			buildConfigurationList = C172D7BF2AF470A300F09F26 /* Build configuration list for PBXProject "ExpenseTracker" */;
			compatibilityVersion = "Xcode 14.0";
			developmentRegion = en;
			hasScannedForEncodings = 0;
			knownRegions = (
				en,
				Base,
			);
			mainGroup = C172D7BB2AF470A300F09F26;
			productRefGroup = C172D7C52AF470A300F09F26 /* Products */;
			projectDirPath = "";
			projectRoot = "";
			targets = (
				C172D7C32AF470A300F09F26 /* ExpenseTracker */,
			);
		};
/* End PBXProject section */

/* Begin PBXResourcesBuildPhase section */
		C172D7C22AF470A300F09F26 /* Resources */ = {
			isa = PBXResourcesBuildPhase;
			buildActionMask = 2147483647;
			files = (
				C172D7D12AF470A400F09F26 /* Preview Assets.xcassets in Resources */,
				C172D7CE2AF470A400F09F26 /* Assets.xcassets in Resources */,
			);
			runOnlyForDeploymentPostprocessing = 0;
		};
/* End PBXResourcesBuildPhase section */

/* Begin PBXSourcesBuildPhase section */
		C172D7C02AF470A300F09F26 /* Sources */ = {
			isa = PBXSourcesBuildPhase;
			buildActionMask = 2147483647;
			files = (
				C1EC0C7F2AF9F5FF009D7F59 /* Currency.swift in Sources */,
				C1EC0C742AF49C1E009D7F59 /* SubmitView.swift in Sources */,
				C1EC0C7B2AF896AA009D7F59 /* CategoryView.swift in Sources */,
				C1EC0C7D2AF896C7009D7F59 /* AddCategoryView.swift in Sources */,
				C172D7CA2AF470A300F09F26 /* ContentView.swift in Sources */,
				C1EC0C812AF9F75D009D7F59 /* SettingsView.swift in Sources */,
				C172D7DB2AF4750100F09F26 /* Category.swift in Sources */,
				C172D7D92AF4748900F09F26 /* Transaction.swift in Sources */,
				C1EC0C832AF9FB81009D7F59 /* CurrencySetting.swift in Sources */,
				C1EC0C792AF87923009D7F59 /* TransactionView.swift in Sources */,
				C1EC0C892B01F574009D7F59 /* TransactionDetailView.swift in Sources */,
				C172D7C82AF470A300F09F26 /* ExpenseTrackerApp.swift in Sources */,
				C1EC0C852AFA0024009D7F59 /* AddCurrencyView.swift in Sources */,
				C1EC0C872B01D282009D7F59 /* CategoryDetailView.swift in Sources */,
			);
			runOnlyForDeploymentPostprocessing = 0;
		};
/* End PBXSourcesBuildPhase section */

/* Begin XCBuildConfiguration section */
		C172D7D22AF470A400F09F26 /* Debug */ = {
			isa = XCBuildConfiguration;
			buildSettings = {
				ALWAYS_SEARCH_USER_PATHS = NO;
				ASSETCATALOG_COMPILER_GENERATE_SWIFT_ASSET_SYMBOL_EXTENSIONS = YES;
				CLANG_ANALYZER_NONNULL = YES;
				CLANG_ANALYZER_NUMBER_OBJECT_CONVERSION = YES_AGGRESSIVE;
				CLANG_CXX_LANGUAGE_STANDARD = "gnu++20";
				CLANG_ENABLE_MODULES = YES;
				CLANG_ENABLE_OBJC_ARC = YES;
				CLANG_ENABLE_OBJC_WEAK = YES;
				CLANG_WARN_BLOCK_CAPTURE_AUTORELEASING = YES;
				CLANG_WARN_BOOL_CONVERSION = YES;
				CLANG_WARN_COMMA = YES;
				CLANG_WARN_CONSTANT_CONVERSION = YES;
				CLANG_WARN_DEPRECATED_OBJC_IMPLEMENTATIONS = YES;
				CLANG_WARN_DIRECT_OBJC_ISA_USAGE = YES_ERROR;
				CLANG_WARN_DOCUMENTATION_COMMENTS = YES;
				CLANG_WARN_EMPTY_BODY = YES;
				CLANG_WARN_ENUM_CONVERSION = YES;
				CLANG_WARN_INFINITE_RECURSION = YES;
				CLANG_WARN_INT_CONVERSION = YES;
				CLANG_WARN_NON_LITERAL_NULL_CONVERSION = YES;
				CLANG_WARN_OBJC_IMPLICIT_RETAIN_SELF = YES;
				CLANG_WARN_OBJC_LITERAL_CONVERSION = YES;
				CLANG_WARN_OBJC_ROOT_CLASS = YES_ERROR;
				CLANG_WARN_QUOTED_INCLUDE_IN_FRAMEWORK_HEADER = YES;
				CLANG_WARN_RANGE_LOOP_ANALYSIS = YES;
				CLANG_WARN_STRICT_PROTOTYPES = YES;
				CLANG_WARN_SUSPICIOUS_MOVE = YES;
				CLANG_WARN_UNGUARDED_AVAILABILITY = YES_AGGRESSIVE;
				CLANG_WARN_UNREACHABLE_CODE = YES;
				CLANG_WARN__DUPLICATE_METHOD_MATCH = YES;
				COPY_PHASE_STRIP = NO;
				DEBUG_INFORMATION_FORMAT = dwarf;
				ENABLE_STRICT_OBJC_MSGSEND = YES;
				ENABLE_TESTABILITY = YES;
				ENABLE_USER_SCRIPT_SANDBOXING = YES;
				GCC_C_LANGUAGE_STANDARD = gnu17;
				GCC_DYNAMIC_NO_PIC = NO;
				GCC_NO_COMMON_BLOCKS = YES;
				GCC_OPTIMIZATION_LEVEL = 0;
				GCC_PREPROCESSOR_DEFINITIONS = (
					"DEBUG=1",
					"$(inherited)",
				);
				GCC_WARN_64_TO_32_BIT_CONVERSION = YES;
				GCC_WARN_ABOUT_RETURN_TYPE = YES_ERROR;
				GCC_WARN_UNDECLARED_SELECTOR = YES;
				GCC_WARN_UNINITIALIZED_AUTOS = YES_AGGRESSIVE;
				GCC_WARN_UNUSED_FUNCTION = YES;
				GCC_WARN_UNUSED_VARIABLE = YES;
				IPHONEOS_DEPLOYMENT_TARGET = 17.0;
				LOCALIZATION_PREFERS_STRING_CATALOGS = YES;
				MTL_ENABLE_DEBUG_INFO = INCLUDE_SOURCE;
				MTL_FAST_MATH = YES;
				ONLY_ACTIVE_ARCH = YES;
				SDKROOT = iphoneos;
				SWIFT_ACTIVE_COMPILATION_CONDITIONS = "DEBUG $(inherited)";
				SWIFT_OPTIMIZATION_LEVEL = "-Onone";
			};
			name = Debug;
		};
		C172D7D32AF470A400F09F26 /* Release */ = {
			isa = XCBuildConfiguration;
			buildSettings = {
				ALWAYS_SEARCH_USER_PATHS = NO;
				ASSETCATALOG_COMPILER_GENERATE_SWIFT_ASSET_SYMBOL_EXTENSIONS = YES;
				CLANG_ANALYZER_NONNULL = YES;
				CLANG_ANALYZER_NUMBER_OBJECT_CONVERSION = YES_AGGRESSIVE;
				CLANG_CXX_LANGUAGE_STANDARD = "gnu++20";
				CLANG_ENABLE_MODULES = YES;
				CLANG_ENABLE_OBJC_ARC = YES;
				CLANG_ENABLE_OBJC_WEAK = YES;
				CLANG_WARN_BLOCK_CAPTURE_AUTORELEASING = YES;
				CLANG_WARN_BOOL_CONVERSION = YES;
				CLANG_WARN_COMMA = YES;
				CLANG_WARN_CONSTANT_CONVERSION = YES;
				CLANG_WARN_DEPRECATED_OBJC_IMPLEMENTATIONS = YES;
				CLANG_WARN_DIRECT_OBJC_ISA_USAGE = YES_ERROR;
				CLANG_WARN_DOCUMENTATION_COMMENTS = YES;
				CLANG_WARN_EMPTY_BODY = YES;
				CLANG_WARN_ENUM_CONVERSION = YES;
				CLANG_WARN_INFINITE_RECURSION = YES;
				CLANG_WARN_INT_CONVERSION = YES;
				CLANG_WARN_NON_LITERAL_NULL_CONVERSION = YES;
				CLANG_WARN_OBJC_IMPLICIT_RETAIN_SELF = YES;
				CLANG_WARN_OBJC_LITERAL_CONVERSION = YES;
				CLANG_WARN_OBJC_ROOT_CLASS = YES_ERROR;
				CLANG_WARN_QUOTED_INCLUDE_IN_FRAMEWORK_HEADER = YES;
				CLANG_WARN_RANGE_LOOP_ANALYSIS = YES;
				CLANG_WARN_STRICT_PROTOTYPES = YES;
				CLANG_WARN_SUSPICIOUS_MOVE = YES;
				CLANG_WARN_UNGUARDED_AVAILABILITY = YES_AGGRESSIVE;
				CLANG_WARN_UNREACHABLE_CODE = YES;
				CLANG_WARN__DUPLICATE_METHOD_MATCH = YES;
				COPY_PHASE_STRIP = NO;
				DEBUG_INFORMATION_FORMAT = "dwarf-with-dsym";
				ENABLE_NS_ASSERTIONS = NO;
				ENABLE_STRICT_OBJC_MSGSEND = YES;
				ENABLE_USER_SCRIPT_SANDBOXING = YES;
				GCC_C_LANGUAGE_STANDARD = gnu17;
				GCC_NO_COMMON_BLOCKS = YES;
				GCC_WARN_64_TO_32_BIT_CONVERSION = YES;
				GCC_WARN_ABOUT_RETURN_TYPE = YES_ERROR;
				GCC_WARN_UNDECLARED_SELECTOR = YES;
				GCC_WARN_UNINITIALIZED_AUTOS = YES_AGGRESSIVE;
				GCC_WARN_UNUSED_FUNCTION = YES;
				GCC_WARN_UNUSED_VARIABLE = YES;
				IPHONEOS_DEPLOYMENT_TARGET = 17.0;
				LOCALIZATION_PREFERS_STRING_CATALOGS = YES;
				MTL_ENABLE_DEBUG_INFO = NO;
				MTL_FAST_MATH = YES;
				SDKROOT = iphoneos;
				SWIFT_COMPILATION_MODE = wholemodule;
				VALIDATE_PRODUCT = YES;
			};
			name = Release;
		};
		C172D7D52AF470A400F09F26 /* Debug */ = {
			isa = XCBuildConfiguration;
			buildSettings = {
				ASSETCATALOG_COMPILER_APPICON_NAME = AppIcon;
				ASSETCATALOG_COMPILER_GLOBAL_ACCENT_COLOR_NAME = AccentColor;
				CODE_SIGN_STYLE = Automatic;
				CURRENT_PROJECT_VERSION = 1;
				DEVELOPMENT_ASSET_PATHS = "\"ExpenseTracker/Preview Content\"";
				DEVELOPMENT_TEAM = 927D262BP8;
				ENABLE_PREVIEWS = YES;
				GENERATE_INFOPLIST_FILE = YES;
				INFOPLIST_KEY_UIApplicationSceneManifest_Generation = YES;
				INFOPLIST_KEY_UIApplicationSupportsIndirectInputEvents = YES;
				INFOPLIST_KEY_UILaunchScreen_Generation = YES;
				INFOPLIST_KEY_UISupportedInterfaceOrientations_iPad = "UIInterfaceOrientationPortrait UIInterfaceOrientationPortraitUpsideDown UIInterfaceOrientationLandscapeLeft UIInterfaceOrientationLandscapeRight";
				INFOPLIST_KEY_UISupportedInterfaceOrientations_iPhone = "UIInterfaceOrientationPortrait UIInterfaceOrientationLandscapeLeft UIInterfaceOrientationLandscapeRight";
				LD_RUNPATH_SEARCH_PATHS = (
					"$(inherited)",
					"@executable_path/Frameworks",
				);
				MARKETING_VERSION = 1.0;
				PRODUCT_BUNDLE_IDENTIFIER = KM.ExpenseTracker;
				PRODUCT_NAME = "$(TARGET_NAME)";
				SWIFT_EMIT_LOC_STRINGS = YES;
				SWIFT_VERSION = 5.0;
				TARGETED_DEVICE_FAMILY = "1,2";
			};
			name = Debug;
		};
		C172D7D62AF470A400F09F26 /* Release */ = {
			isa = XCBuildConfiguration;
			buildSettings = {
				ASSETCATALOG_COMPILER_APPICON_NAME = AppIcon;
				ASSETCATALOG_COMPILER_GLOBAL_ACCENT_COLOR_NAME = AccentColor;
				CODE_SIGN_STYLE = Automatic;
				CURRENT_PROJECT_VERSION = 1;
				DEVELOPMENT_ASSET_PATHS = "\"ExpenseTracker/Preview Content\"";
				DEVELOPMENT_TEAM = 927D262BP8;
				ENABLE_PREVIEWS = YES;
				GENERATE_INFOPLIST_FILE = YES;
				INFOPLIST_KEY_UIApplicationSceneManifest_Generation = YES;
				INFOPLIST_KEY_UIApplicationSupportsIndirectInputEvents = YES;
				INFOPLIST_KEY_UILaunchScreen_Generation = YES;
				INFOPLIST_KEY_UISupportedInterfaceOrientations_iPad = "UIInterfaceOrientationPortrait UIInterfaceOrientationPortraitUpsideDown UIInterfaceOrientationLandscapeLeft UIInterfaceOrientationLandscapeRight";
				INFOPLIST_KEY_UISupportedInterfaceOrientations_iPhone = "UIInterfaceOrientationPortrait UIInterfaceOrientationLandscapeLeft UIInterfaceOrientationLandscapeRight";
				LD_RUNPATH_SEARCH_PATHS = (
					"$(inherited)",
					"@executable_path/Frameworks",
				);
				MARKETING_VERSION = 1.0;
				PRODUCT_BUNDLE_IDENTIFIER = KM.ExpenseTracker;
				PRODUCT_NAME = "$(TARGET_NAME)";
				SWIFT_EMIT_LOC_STRINGS = YES;
				SWIFT_VERSION = 5.0;
				TARGETED_DEVICE_FAMILY = "1,2";
			};
			name = Release;
		};
/* End XCBuildConfiguration section */

/* Begin XCConfigurationList section */
		C172D7BF2AF470A300F09F26 /* Build configuration list for PBXProject "ExpenseTracker" */ = {
			isa = XCConfigurationList;
			buildConfigurations = (
				C172D7D22AF470A400F09F26 /* Debug */,
				C172D7D32AF470A400F09F26 /* Release */,
			);
			defaultConfigurationIsVisible = 0;
			defaultConfigurationName = Release;
		};
		C172D7D42AF470A400F09F26 /* Build configuration list for PBXNativeTarget "ExpenseTracker" */ = {
			isa = XCConfigurationList;
			buildConfigurations = (
				C172D7D52AF470A400F09F26 /* Debug */,
				C172D7D62AF470A400F09F26 /* Release */,
			);
			defaultConfigurationIsVisible = 0;
			defaultConfigurationName = Release;
		};
/* End XCConfigurationList section */
	};
	rootObject = C172D7BC2AF470A300F09F26 /* Project object */;
}
